# THIS IS AN AUTOGENERATED FILE. DO NOT EDIT THIS FILE DIRECTLY.
# yarn lockfile v1


"@babel/runtime@^7.0.0":
  version "7.1.2"
  resolved "https://registry.yarnpkg.com/@babel/runtime/-/runtime-7.1.2.tgz#81c89935f4647706fc54541145e6b4ecfef4b8e3"
  integrity sha512-Y3SCjmhSupzFB6wcv1KmmFucH6gDVnI30WjOcicV10ju0cZjak3Jcs67YLIXBrmZYw1xCrVeJPbycFwrqNyxpg==
  dependencies:
    regenerator-runtime "^0.12.0"

babel-runtime@^6.18.0:
  version "6.26.0"
  resolved "https://registry.yarnpkg.com/babel-runtime/-/babel-runtime-6.26.0.tgz#965c7058668e82b55d7bfe04ff2337bc8b5647fe"
  integrity sha1-llxwWGaOgrVde/4E/yM3vItWR/4=
  dependencies:
    core-js "^2.4.0"
    regenerator-runtime "^0.11.0"

big.js@^3.1.3:
  version "3.2.0"
  resolved "https://registry.yarnpkg.com/big.js/-/big.js-3.2.0.tgz#a5fc298b81b9e0dca2e458824784b65c52ba588e"
  integrity sha512-+hN/Zh2D08Mx65pZ/4g5bsmNiZUuChDiQfTUQ7qJr4/kuopCr88xZsAXv6mBoZEsUI4OuGHlX59qE94K2mMW8Q==

character-entities-legacy@^1.0.0:
  version "1.1.2"
  resolved "https://registry.yarnpkg.com/character-entities-legacy/-/character-entities-legacy-1.1.2.tgz#7c6defb81648498222c9855309953d05f4d63a9c"
  integrity sha512-9NB2VbXtXYWdXzqrvAHykE/f0QJxzaKIpZ5QzNZrrgQ7Iyxr2vnfS8fCBNVW9nUEZE0lo57nxKRqnzY/dKrwlA==

character-entities@^1.0.0:
  version "1.2.2"
  resolved "https://registry.yarnpkg.com/character-entities/-/character-entities-1.2.2.tgz#58c8f371c0774ef0ba9b2aca5f00d8f100e6e363"
  integrity sha512-sMoHX6/nBiy3KKfC78dnEalnpn0Az0oSNvqUWYTtYrhRI5iUIYsROU48G+E+kMFQzqXaJ8kHJZ85n7y6/PHgwQ==

character-reference-invalid@^1.0.0:
  version "1.1.2"
  resolved "https://registry.yarnpkg.com/character-reference-invalid/-/character-reference-invalid-1.1.2.tgz#21e421ad3d84055952dab4a43a04e73cd425d3ed"
  integrity sha512-7I/xceXfKyUJmSAn/jw8ve/9DyOP7XxufNYLI9Px7CmsKgEUaZLUTax6nZxGQtaoiZCjpu6cHPj20xC/vqRReQ==

clipboard@^2.0.0:
  version "2.0.1"
  resolved "https://registry.yarnpkg.com/clipboard/-/clipboard-2.0.1.tgz#a12481e1c13d8a50f5f036b0560fe5d16d74e46a"
  integrity sha512-7yhQBmtN+uYZmfRjjVjKa0dZdWuabzpSKGtyQZN+9C8xlC788SSJjOHWh7tzurfwTqTD5UDYAhIv5fRJg3sHjQ==
  dependencies:
    good-listener "^1.2.2"
    select "^1.1.2"
    tiny-emitter "^2.0.0"

comma-separated-tokens@^1.0.0:
  version "1.0.5"
  resolved "https://registry.yarnpkg.com/comma-separated-tokens/-/comma-separated-tokens-1.0.5.tgz#b13793131d9ea2d2431cf5b507ddec258f0ce0db"
  integrity sha512-Cg90/fcK93n0ecgYTAz1jaA3zvnQ0ExlmKY1rdbyHqAx6BHxwoJc+J7HDu0iuQ7ixEs1qaa+WyQ6oeuBpYP1iA==
  dependencies:
    trim "0.0.1"

core-js@^2.4.0:
  version "2.5.7"
  resolved "https://registry.yarnpkg.com/core-js/-/core-js-2.5.7.tgz#f972608ff0cead68b841a16a932d0b183791814e"
  integrity sha512-RszJCAxg/PP6uzXVXL6BsxSXx/B05oJAQ2vkJRjyjrEcNVycaqOmNb5OTxZPE3xa5gwZduqza6L9JOCenh/Ecw==

delegate@^3.1.2:
  version "3.2.0"
  resolved "https://registry.yarnpkg.com/delegate/-/delegate-3.2.0.tgz#b66b71c3158522e8ab5744f720d8ca0c2af59166"
  integrity sha512-IofjkYBZaZivn0V8nnsMJGBr4jVLxHDheKSW88PyxS5QC4Vo9ZbZVvhzlSxY87fVq3STR6r+4cGepyHkcWOQSw==

emojis-list@^2.0.0:
  version "2.1.0"
  resolved "https://registry.yarnpkg.com/emojis-list/-/emojis-list-2.1.0.tgz#4daa4d9db00f9819880c79fa457ae5b09a1fd389"
  integrity sha1-TapNnbAPmBmIDHn6RXrlsJof04k=

estraverse@^4.2.0:
  version "4.2.0"
  resolved "https://registry.yarnpkg.com/estraverse/-/estraverse-4.2.0.tgz#0dee3fed31fcd469618ce7342099fc1afa0bdb13"
  integrity sha1-De4/7TH81GlhjOc0IJn8GvoL2xM=

fault@^1.0.2:
  version "1.0.2"
  resolved "https://registry.yarnpkg.com/fault/-/fault-1.0.2.tgz#c3d0fec202f172a3a4d414042ad2bb5e2a3ffbaa"
  integrity sha512-o2eo/X2syzzERAtN5LcGbiVQ0WwZSlN3qLtadwAz3X8Bu+XWD16dja/KMsjZLiQr+BLGPDnHGkc4yUJf1Xpkpw==
  dependencies:
    format "^0.2.2"

format@^0.2.2:
  version "0.2.2"
  resolved "https://registry.yarnpkg.com/format/-/format-0.2.2.tgz#d6170107e9efdc4ed30c9dc39016df942b5cb58b"
  integrity sha1-1hcBB+nv3E7TDJ3DkBbflCtctYs=

good-listener@^1.2.2:
  version "1.2.2"
  resolved "https://registry.yarnpkg.com/good-listener/-/good-listener-1.2.2.tgz#d53b30cdf9313dffb7dc9a0d477096aa6d145c50"
  integrity sha1-1TswzfkxPf+33JoNR3CWqm0UXFA=
  dependencies:
    delegate "^3.1.2"

hast-util-parse-selector@^2.2.0:
  version "2.2.0"
  resolved "https://registry.yarnpkg.com/hast-util-parse-selector/-/hast-util-parse-selector-2.2.0.tgz#2175f18cdd697308fc3431d5c29a9e48dfa4817a"
  integrity sha512-trw0pqZN7+sH9k7hPWCJNZUbWW2KroSIM/XpIy3G5ZMtx9LSabCyoSp4skJZ4q/eZ5UOBPtvWh4W9c+RE3HRoQ==

hastscript@^4.0.0:
  version "4.0.0"
  resolved "https://registry.yarnpkg.com/hastscript/-/hastscript-4.0.0.tgz#653f7f4f7aedb9e6c629af8c13707553f5671c77"
  integrity sha512-zrN3fborQZT6+DJZOCKpeafzYIjs3y4ymzHGExBmUFSqwjqrRbH8DYDDbPsNLkVW0YDvoKdQ1c6wMLcZuoZDmg==
  dependencies:
    comma-separated-tokens "^1.0.0"
    hast-util-parse-selector "^2.2.0"
    property-information "^4.0.0"
    space-separated-tokens "^1.0.0"

highlight.js@~9.12.0:
  version "9.12.0"
  resolved "https://registry.yarnpkg.com/highlight.js/-/highlight.js-9.12.0.tgz#e6d9dbe57cbefe60751f02af336195870c90c01e"
  integrity sha1-5tnb5Xy+/mB1HwKvM2GVhwyQwB4=

is-alphabetical@^1.0.0:
  version "1.0.2"
  resolved "https://registry.yarnpkg.com/is-alphabetical/-/is-alphabetical-1.0.2.tgz#1fa6e49213cb7885b75d15862fb3f3d96c884f41"
  integrity sha512-V0xN4BYezDHcBSKb1QHUFMlR4as/XEuCZBzMJUU4n7+Cbt33SmUnSol+pnXFvLxSHNq2CemUXNdaXV6Flg7+xg==

is-alphanumerical@^1.0.0:
  version "1.0.2"
  resolved "https://registry.yarnpkg.com/is-alphanumerical/-/is-alphanumerical-1.0.2.tgz#1138e9ae5040158dc6ff76b820acd6b7a181fd40"
  integrity sha512-pyfU/0kHdISIgslFfZN9nfY1Gk3MquQgUm1mJTjdkEPpkAKNWuBTSqFwewOpR7N351VkErCiyV71zX7mlQQqsg==
  dependencies:
    is-alphabetical "^1.0.0"
    is-decimal "^1.0.0"

is-decimal@^1.0.0:
  version "1.0.2"
  resolved "https://registry.yarnpkg.com/is-decimal/-/is-decimal-1.0.2.tgz#894662d6a8709d307f3a276ca4339c8fa5dff0ff"
  integrity sha512-TRzl7mOCchnhchN+f3ICUCzYvL9ul7R+TYOsZ8xia++knyZAJfv/uA1FvQXsAnYIl1T3B2X5E/J7Wb1QXiIBXg==

is-hexadecimal@^1.0.0:
  version "1.0.2"
  resolved "https://registry.yarnpkg.com/is-hexadecimal/-/is-hexadecimal-1.0.2.tgz#b6e710d7d07bb66b98cb8cece5c9b4921deeb835"
  integrity sha512-but/G3sapV3MNyqiDBLrOi4x8uCIw0RY3o/Vb5GT0sMFHrVV7731wFSVy41T5FO1og7G0gXLJh0MkgPRouko/A==

"js-tokens@^3.0.0 || ^4.0.0":
  version "4.0.0"
  resolved "https://registry.yarnpkg.com/js-tokens/-/js-tokens-4.0.0.tgz#19203fb59991df98e3a287050d4647cdeaf32499"
  integrity sha512-RdJUflcE3cUzKiMqQgsCu06FPu9UdIJO0beYbPhHN4k6apgJtifcoCtT9bcxOpYBtpD2kCM6Sbzg4CausW/PKQ==

json5@^0.5.0:
  version "0.5.1"
  resolved "https://registry.yarnpkg.com/json5/-/json5-0.5.1.tgz#1eade7acc012034ad84e2396767ead9fa5495821"
  integrity sha1-Hq3nrMASA0rYTiOWdn6tn6VJWCE=

loader-utils@^1.1.0:
  version "1.1.0"
  resolved "https://registry.yarnpkg.com/loader-utils/-/loader-utils-1.1.0.tgz#c98aef488bcceda2ffb5e2de646d6a754429f5cd"
  integrity sha1-yYrvSIvM7aL/teLeZG1qdUQp9c0=
  dependencies:
    big.js "^3.1.3"
    emojis-list "^2.0.0"
    json5 "^0.5.0"

loose-envify@^1.3.1:
  version "1.4.0"
  resolved "https://registry.yarnpkg.com/loose-envify/-/loose-envify-1.4.0.tgz#71ee51fa7be4caec1a63839f7e682d8132d30caf"
  integrity sha512-lyuxPGr/Wfhrlem2CL/UcnUc1zcqKAImBDzukY7Y5F/yQiNdko6+fRLevlw1HgMySw7f611UIY408EtxRSoK3Q==
  dependencies:
    js-tokens "^3.0.0 || ^4.0.0"

lowlight@~1.9.1:
  version "1.9.2"
  resolved "https://registry.yarnpkg.com/lowlight/-/lowlight-1.9.2.tgz#0b9127e3cec2c3021b7795dd81005c709a42fdd1"
  integrity sha512-Ek18ElVCf/wF/jEm1b92gTnigh94CtBNWiZ2ad+vTgW7cTmQxUY3I98BjHK68gZAJEWmybGBZgx9qv3QxLQB/Q==
  dependencies:
    fault "^1.0.2"
    highlight.js "~9.12.0"

object-assign@^4.1.1:
  version "4.1.1"
  resolved "https://registry.yarnpkg.com/object-assign/-/object-assign-4.1.1.tgz#2109adc7965887cfc05cbbd442cac8bfbb360863"
  integrity sha1-IQmtx5ZYh8/AXLvUQsrIv7s2CGM=

parse-entities@^1.1.2:
  version "1.2.0"
  resolved "https://registry.yarnpkg.com/parse-entities/-/parse-entities-1.2.0.tgz#9deac087661b2e36814153cb78d7e54a4c5fd6f4"
  integrity sha512-XXtDdOPLSB0sHecbEapQi6/58U/ODj/KWfIXmmMCJF/eRn8laX6LZbOyioMoETOOJoWRW8/qTSl5VQkUIfKM5g==
  dependencies:
    character-entities "^1.0.0"
    character-entities-legacy "^1.0.0"
    character-reference-invalid "^1.0.0"
    is-alphanumerical "^1.0.0"
    is-decimal "^1.0.0"
    is-hexadecimal "^1.0.0"

prettier@^1.14.0:
  version "1.14.3"
  resolved "https://registry.yarnpkg.com/prettier/-/prettier-1.14.3.tgz#90238dd4c0684b7edce5f83b0fb7328e48bd0895"
  integrity sha512-qZDVnCrnpsRJJq5nSsiHCE3BYMED2OtsI+cmzIzF1QIfqm5ALf8tEJcO27zV1gKNKRPdhjO0dNWnrzssDQ1tFg==

prismjs@^1.8.4, prismjs@~1.15.0:
  version "1.15.0"
  resolved "https://registry.yarnpkg.com/prismjs/-/prismjs-1.15.0.tgz#8801d332e472091ba8def94976c8877ad60398d9"
  integrity sha512-Lf2JrFYx8FanHrjoV5oL8YHCclLQgbJcVZR+gikGGMqz6ub5QVWDTM6YIwm3BuPxM/LOV+rKns3LssXNLIf+DA==
  optionalDependencies:
    clipboard "^2.0.0"

prop-types@^15.6.2:
  version "15.6.2"
  resolved "https://registry.yarnpkg.com/prop-types/-/prop-types-15.6.2.tgz#05d5ca77b4453e985d60fc7ff8c859094a497102"
  integrity sha512-3pboPvLiWD7dkI3qf3KbUe6hKFKa52w+AE0VCqECtf+QHAKgOL37tTaNCnuX1nAAQ4ZhyP+kYVKf8rLmJ/feDQ==
  dependencies:
    loose-envify "^1.3.1"
    object-assign "^4.1.1"

property-information@^4.0.0:
  version "4.2.0"
  resolved "https://registry.yarnpkg.com/property-information/-/property-information-4.2.0.tgz#f0e66e07cbd6fed31d96844d958d153ad3eb486e"
  integrity sha512-TlgDPagHh+eBKOnH2VYvk8qbwsCG/TAJdmTL7f1PROUcSO8qt/KSmShEQ/OKvock8X9tFjtqjCScyOkkkvIKVQ==
  dependencies:
    xtend "^4.0.1"

react-syntax-highlighter@^8.0.1:
  version "8.0.1"
  resolved "https://registry.yarnpkg.com/react-syntax-highlighter/-/react-syntax-highlighter-8.0.1.tgz#88f7833e3a2d3c718799f2e7776266486c82c566"
  integrity sha512-en/fS7a1eFvEVnAFZ60agglGgH9jRsNrgWpijeFCn4KE39PH7/RWt2wF2HaV47C+FlZW757agCtCgmpxT6MSzg==
  dependencies:
    babel-runtime "^6.18.0"
    highlight.js "~9.12.0"
    lowlight "~1.9.1"
    prismjs "^1.8.4"
    refractor "^2.4.1"

refractor@^2.4.1:
  version "2.6.0"
  resolved "https://registry.yarnpkg.com/refractor/-/refractor-2.6.0.tgz#6b0d88f654c8534eefed3329a35bc7bb74ae0979"
  integrity sha512-ZkziLxSnkGmcFd9gVtMPqWyuA9nLzQCJqIjma03UvS2kw3gU+JQhCz8bWpbXtQX0e5XurZb/1wglrxpkYTJalQ==
  dependencies:
    hastscript "^4.0.0"
    parse-entities "^1.1.2"
    prismjs "~1.15.0"

regenerator-runtime@^0.11.0:
  version "0.11.1"
  resolved "https://registry.yarnpkg.com/regenerator-runtime/-/regenerator-runtime-0.11.1.tgz#be05ad7f9bf7d22e056f9726cee5017fbf19e2e9"
  integrity sha512-MguG95oij0fC3QV3URf4V2SDYGJhJnJGqvIIgdECeODCT98wSWDAJ94SSuVpYQUoTcGUIL6L4yNB7j1DFFHSBg==

regenerator-runtime@^0.12.0:
  version "0.12.1"
  resolved "https://registry.yarnpkg.com/regenerator-runtime/-/regenerator-runtime-0.12.1.tgz#fa1a71544764c036f8c49b13a08b2594c9f8a0de"
  integrity sha512-odxIc1/vDlo4iZcfXqRYFj0vpXFNoGdKMAUieAlFYO6m/nl5e9KR/beGf41z4a1FI+aQgtjhuaSlDxQ0hmkrHg==

select@^1.1.2:
  version "1.1.2"
  resolved "https://registry.yarnpkg.com/select/-/select-1.1.2.tgz#0e7350acdec80b1108528786ec1d4418d11b396d"
  integrity sha1-DnNQrN7ICxEIUoeG7B1EGNEbOW0=

space-separated-tokens@^1.0.0:
  version "1.1.2"
  resolved "https://registry.yarnpkg.com/space-separated-tokens/-/space-separated-tokens-1.1.2.tgz#e95ab9d19ae841e200808cd96bc7bd0adbbb3412"
  integrity sha512-G3jprCEw+xFEs0ORweLmblJ3XLymGGr6hxZYTYZjIlvDti9vOBUjRQa1Rzjt012aRrocKstHwdNi+F7HguPsEA==
  dependencies:
    trim "0.0.1"

tiny-emitter@^2.0.0:
  version "2.0.2"
  resolved "https://registry.yarnpkg.com/tiny-emitter/-/tiny-emitter-2.0.2.tgz#82d27468aca5ade8e5fd1e6d22b57dd43ebdfb7c"
  integrity sha512-2NM0auVBGft5tee/OxP4PI3d8WItkDM+fPnaRAVo6xTDI2knbz9eC5ArWGqtGlYqiH3RU5yMpdyTTO7MguC4ow==

trim@0.0.1:
  version "0.0.1"
  resolved "https://registry.yarnpkg.com/trim/-/trim-0.0.1.tgz#5858547f6b290757ee95cccc666fb50084c460dd"
  integrity sha1-WFhUf2spB1fulczMZm+1AITEYN0=

xtend@^4.0.1:
  version "4.0.1"
  resolved "https://registry.yarnpkg.com/xtend/-/xtend-4.0.1.tgz#a5c6d532be656e23db820efb943a1f04998d63af"
  integrity sha1-pcbVMr5lbiPbgg77lDofBJmNY68=
