# THIS IS AN AUTOGENERATED FILE. DO NOT EDIT THIS FILE DIRECTLY.
# yarn lockfile v1


"@emotion/hash@^0.6.6":
  version "0.6.6"
  resolved "https://registry.yarnpkg.com/@emotion/hash/-/hash-0.6.6.tgz#62266c5f0eac6941fece302abad69f2ee7e25e44"
  integrity sha512-ojhgxzUHZ7am3D2jHkMzPpsBAiB005GF5YU4ea+8DNPybMk01JJUM9V9YRlF/GE95tcOm8DxQvWA2jq19bGalQ==

"@emotion/is-prop-valid@^0.6.8":
  version "0.6.8"
  resolved "https://registry.yarnpkg.com/@emotion/is-prop-valid/-/is-prop-valid-0.6.8.tgz#68ad02831da41213a2089d2cab4e8ac8b30cbd85"
  integrity sha512-IMSL7ekYhmFlILXcouA6ket3vV7u9BqStlXzbKOF9HBtpUPMMlHU+bBxrLOa2NvleVwNIxeq/zL8LafLbeUXcA==
  dependencies:
    "@emotion/memoize" "^0.6.6"

"@emotion/memoize@^0.6.6":
  version "0.6.6"
  resolved "https://registry.yarnpkg.com/@emotion/memoize/-/memoize-0.6.6.tgz#004b98298d04c7ca3b4f50ca2035d4f60d2eed1b"
  integrity sha512-h4t4jFjtm1YV7UirAFuSuFGyLa+NNxjdkq6DpFLANNQY5rHueFZHVY+8Cu1HYVP6DrheB0kv4m5xPjo7eKT7yQ==

"@emotion/serialize@^0.9.1":
  version "0.9.1"
  resolved "https://registry.yarnpkg.com/@emotion/serialize/-/serialize-0.9.1.tgz#a494982a6920730dba6303eb018220a2b629c145"
  integrity sha512-zTuAFtyPvCctHBEL8KZ5lJuwBanGSutFEncqLn/m9T1a6a93smBStK+bZzcNPgj4QS8Rkw9VTwJGhRIUVO8zsQ==
  dependencies:
    "@emotion/hash" "^0.6.6"
    "@emotion/memoize" "^0.6.6"
    "@emotion/unitless" "^0.6.7"
    "@emotion/utils" "^0.8.2"

"@emotion/styled-base@^0.10.6":
  version "0.10.6"
  resolved "https://registry.yarnpkg.com/@emotion/styled-base/-/styled-base-0.10.6.tgz#c95631b6b4f19da97e7b44ee4e3ee1931afde264"
  integrity sha512-7RfdJm2oEXiy3isFRY63mHRmWWjScFXFoZTFkCJPaL8NhX+H724WwIoQOt3WA1Jd+bb97xkJg31JbYYsSqnEaQ==
  dependencies:
    "@emotion/is-prop-valid" "^0.6.8"
    "@emotion/serialize" "^0.9.1"
    "@emotion/utils" "^0.8.2"

"@emotion/styled@^0.10.6":
  version "0.10.6"
  resolved "https://registry.yarnpkg.com/@emotion/styled/-/styled-0.10.6.tgz#1f6af1d3d4bf9fdeb05a4d220046ce11ad21a7ca"
  integrity sha512-DFNW8jlMjy1aYCj/PKsvBoJVZAQXzjmSCwtKXLs31qZzNPaUEPbTYSIKnMUtIiAOYsu0pUTGXM+l0a+MYNm4lA==
  dependencies:
    "@emotion/styled-base" "^0.10.6"

"@emotion/unitless@^0.6.7":
  version "0.6.7"
  resolved "https://registry.yarnpkg.com/@emotion/unitless/-/unitless-0.6.7.tgz#53e9f1892f725b194d5e6a1684a7b394df592397"
  integrity sha512-Arj1hncvEVqQ2p7Ega08uHLr1JuRYBuO5cIvcA+WWEQ5+VmkOE3ZXzl04NbQxeQpWX78G7u6MqxKuNX3wvYZxg==

"@emotion/utils@^0.8.2":
  version "0.8.2"
  resolved "https://registry.yarnpkg.com/@emotion/utils/-/utils-0.8.2.tgz#576ff7fb1230185b619a75d258cbc98f0867a8dc"
  integrity sha512-rLu3wcBWH4P5q1CGoSSH/i9hrXs7SlbRLkoq9IGuoPYNGQvDJ3pt/wmOM+XgYjIDRMVIdkUWt0RsfzF50JfnCw==

axe-core@^3.0.3:
  version "3.1.2"
  resolved "https://registry.yarnpkg.com/axe-core/-/axe-core-3.1.2.tgz#ca0aff897ebefca7552f97859dc1217c06c4f9e6"
  integrity sha512-e1WVs0SQu3tM29J9a/mISGvlo2kdCStE+yffIAJF6eb42FS+eUFEVz9j4rgDeV2TAfPJmuOZdRetWYycIbK7Vg==

dom-walk@^0.1.0:
  version "0.1.1"
  resolved "https://registry.yarnpkg.com/dom-walk/-/dom-walk-0.1.1.tgz#672226dc74c8f799ad35307df936aba11acd6018"
  integrity sha1-ZyIm3HTI95mtNTB9+TaroRrNYBg=

global@^4.3.2:
  version "4.3.2"
  resolved "https://registry.yarnpkg.com/global/-/global-4.3.2.tgz#e76989268a6c74c38908b1305b10fc0e394e9d0f"
  integrity sha1-52mJJopsdMOJCLEwWxD8DjlOnQ8=
  dependencies:
    min-document "^2.19.0"
    process "~0.5.1"

"js-tokens@^3.0.0 || ^4.0.0":
  version "4.0.0"
  resolved "https://registry.yarnpkg.com/js-tokens/-/js-tokens-4.0.0.tgz#19203fb59991df98e3a287050d4647cdeaf32499"
  integrity sha512-RdJUflcE3cUzKiMqQgsCu06FPu9UdIJO0beYbPhHN4k6apgJtifcoCtT9bcxOpYBtpD2kCM6Sbzg4CausW/PKQ==

loose-envify@^1.3.1:
  version "1.4.0"
  resolved "https://registry.yarnpkg.com/loose-envify/-/loose-envify-1.4.0.tgz#71ee51fa7be4caec1a63839f7e682d8132d30caf"
  integrity sha512-lyuxPGr/Wfhrlem2CL/UcnUc1zcqKAImBDzukY7Y5F/yQiNdko6+fRLevlw1HgMySw7f611UIY408EtxRSoK3Q==
  dependencies:
    js-tokens "^3.0.0 || ^4.0.0"

min-document@^2.19.0:
  version "2.19.0"
  resolved "https://registry.yarnpkg.com/min-document/-/min-document-2.19.0.tgz#7bd282e3f5842ed295bb748cdd9f1ffa2c824685"
  integrity sha1-e9KC4/WELtKVu3SM3Z8f+iyCRoU=
  dependencies:
    dom-walk "^0.1.0"

object-assign@^4.1.1:
  version "4.1.1"
  resolved "https://registry.yarnpkg.com/object-assign/-/object-assign-4.1.1.tgz#2109adc7965887cfc05cbbd442cac8bfbb360863"
  integrity sha1-IQmtx5ZYh8/AXLvUQsrIv7s2CGM=

process@~0.5.1:
  version "0.5.2"
  resolved "https://registry.yarnpkg.com/process/-/process-0.5.2.tgz#1638d8a8e34c2f440a91db95ab9aeb677fc185cf"
  integrity sha1-FjjYqONML0QKkduVq5rrZ3/Bhc8=

prop-types@^15.6.2:
  version "15.6.2"
  resolved "https://registry.yarnpkg.com/prop-types/-/prop-types-15.6.2.tgz#05d5ca77b4453e985d60fc7ff8c859094a497102"
  integrity sha512-3pboPvLiWD7dkI3qf3KbUe6hKFKa52w+AE0VCqECtf+QHAKgOL37tTaNCnuX1nAAQ4ZhyP+kYVKf8rLmJ/feDQ==
  dependencies:
    loose-envify "^1.3.1"
    object-assign "^4.1.1"
